
Microsoft Visual Studio Solution File, Format Version 12.00
# Visual Studio Version 17
VisualStudioVersion = 17.7.34009.444
MinimumVisualStudioVersion = 10.0.40219.1
Project("{FAE04EC0-301F-11D3-BF4B-00C04F79EFBC}") = "SuperHeroAPI", "SuperHeroAPI\SuperHeroAPI.csproj", "{071FC85B-0F57-469E-8654-7FF755474B2D}"
EndProject
Global
	GlobalSection(SolutionConfigurationPlatforms) = preSolution
		Debug|Any CPU = Debug|Any CPU
		Release|Any CPU = Release|Any CPU
	EndGlobalSection
	GlobalSection(ProjectConfigurationPlatforms) = postSolution
		{071FC85B-0F57-469E-8654-7FF755474B2D}.Debug|Any CPU.ActiveCfg = Debug|Any CPU
		{071FC85B-0F57-469E-8654-7FF755474B2D}.Debug|Any CPU.Build.0 = Debug|Any CPU
		{071FC85B-0F57-469E-8654-7FF755474B2D}.Release|Any CPU.ActiveCfg = Release|Any CPU
		{071FC85B-0F57-469E-8654-7FF755474B2D}.Release|Any CPU.Build.0 = Release|Any CPU
	EndGlobalSection
	GlobalSection(SolutionProperties) = preSolution
		HideSolutionNode = FALSE
	EndGlobalSection
	GlobalSection(ExtensibilityGlobals) = postSolution
		SolutionGuid = {5332CBD5-5E54-4007-BA12-E11E5F720DDB}
	EndGlobalSection
EndGlobal
